{
  "version": "4",
  "specifiers": {
    "jsr:@std/assert@1": "1.0.12",
    "jsr:@std/internal@^1.0.6": "1.0.6",
    "npm:chalk@^5.4.1": "5.4.1",
    "npm:mongodb@^6.15.0": "6.15.0",
    "npm:oxlint@latest": "0.16.4",
    "npm:ulid@3": "3.0.0"
  },
  "jsr": {
    "@std/assert@1.0.12": {
      "integrity": "08009f0926dda9cbd8bef3a35d3b6a4b964b0ab5c3e140a4e0351fbf34af5b9a",
      "dependencies": [
        "jsr:@std/internal"
      ]
    },
    "@std/internal@1.0.6": {
      "integrity": "9533b128f230f73bd209408bb07a4b12f8d4255ab2a4d22a1fd6d87304aca9a4"
    }
  },
  "npm": {
    "@mongodb-js/saslprep@1.2.1": {
      "integrity": "sha512-1NCa8GsZ+OFLTw5KkKQS22wLS+Rs+y02sgkhr99Pm4OSXtSDHCJyq0uscPF0qA86ipGYH4PwtC2+a8Y4RKkCcg==",
      "dependencies": [
        "sparse-bitfield"
      ]
    },
    "@oxlint/darwin-arm64@0.16.4": {
      "integrity": "sha512-lxwzCWM8zkSsv+JMEAvhHoS5X+5ICq/Vupb4RAalozX2V39Y/JXNol6RBxIGD7EEmitxWBghMIMdmqW9Y0wChA=="
    },
    "@oxlint/darwin-x64@0.16.4": {
      "integrity": "sha512-wRUxqisY7X1N88xoAFRcR3K7bPw6xqtNhaxVOaRhu5F3NIt85D80WBayoPl7TZKWTACUX55SGvAJBnOYmE7+zg=="
    },
    "@oxlint/linux-arm64-gnu@0.16.4": {
      "integrity": "sha512-veM/ve9kqTU7Qei3qjvGzXPZLT8L1vQ2nE8U78DbjrmP9i5MC1QB5ynBB9oQDJ1yce9ExmjTpIor2SF3phfXXQ=="
    },
    "@oxlint/linux-arm64-musl@0.16.4": {
      "integrity": "sha512-QojvKDSA43gbt3pjua+zgX0jfpyWLU6xXEBgA/Ww7HPR7Ec1pbs8lhL1Or7BQl8jywkMdzWiicPtd65+DBw/IQ=="
    },
    "@oxlint/linux-x64-gnu@0.16.4": {
      "integrity": "sha512-rVZhsnzQzfhQSEVc+aGoLlWdzhyuXrKxrwv0h1R9rJSB7vzBx2+D2k9LQSW1WkuhUd3Bn4CIDPakT8XUKYxvXQ=="
    },
    "@oxlint/linux-x64-musl@0.16.4": {
      "integrity": "sha512-ZLc+jh8+HF5ftnvVfWA3jl1/Rq45naakC96MlmRIxHhDNsClo41ssSeANJ15shk1MbCOdEnJh7foHPvU6QmGpQ=="
    },
    "@oxlint/win32-arm64@0.16.4": {
      "integrity": "sha512-/KvI2fLK5V9cPuR7rfomchRJmHBJDH7PFZINNm5o3ivmjstUVsIT2HoArjitwoVdionKKJ0Ac8Vc0xqS/Vvbcg=="
    },
    "@oxlint/win32-x64@0.16.4": {
      "integrity": "sha512-KS2ztiU039dooBi82i24QL6aa/4PROwg9fEcZc4o3N2BueO01a0s4nKlz/AJL+1Twa6LZJgGsQ87EcAzlj3DUA=="
    },
    "@types/webidl-conversions@7.0.3": {
      "integrity": "sha512-CiJJvcRtIgzadHCYXw7dqEnMNRjhGZlYK05Mj9OyktqV8uVT8fD2BFOB7S1uwBE3Kj2Z+4UyPmFw/Ixgw/LAlA=="
    },
    "@types/whatwg-url@11.0.5": {
      "integrity": "sha512-coYR071JRaHa+xoEvvYqvnIHaVqaYrLPbsufM9BF63HkwI5Lgmy2QR8Q5K/lYDYo5AK82wOvSOS0UsLTpTG7uQ==",
      "dependencies": [
        "@types/webidl-conversions"
      ]
    },
    "bson@6.10.3": {
      "integrity": "sha512-MTxGsqgYTwfshYWTRdmZRC+M7FnG1b4y7RO7p2k3X24Wq0yv1m77Wsj0BzlPzd/IowgESfsruQCUToa7vbOpPQ=="
    },
    "chalk@5.4.1": {
      "integrity": "sha512-zgVZuo2WcZgfUEmsn6eO3kINexW8RAE4maiQ8QNs8CtpPCSyMiYsULR3HQYkm3w8FIA3SberyMJMSldGsW+U3w=="
    },
    "memory-pager@1.5.0": {
      "integrity": "sha512-ZS4Bp4r/Zoeq6+NLJpP+0Zzm0pR8whtGPf1XExKLJBAczGMnSi3It14OiNCStjQjM6NU1okjQGSxgEZN8eBYKg=="
    },
    "mongodb-connection-string-url@3.0.2": {
      "integrity": "sha512-rMO7CGo/9BFwyZABcKAWL8UJwH/Kc2x0g72uhDWzG48URRax5TCIcJ7Rc3RZqffZzO/Gwff/jyKwCU9TN8gehA==",
      "dependencies": [
        "@types/whatwg-url",
        "whatwg-url"
      ]
    },
    "mongodb@6.15.0": {
      "integrity": "sha512-ifBhQ0rRzHDzqp9jAQP6OwHSH7dbYIQjD3SbJs9YYk9AikKEettW/9s/tbSFDTpXcRbF+u1aLrhHxDFaYtZpFQ==",
      "dependencies": [
        "@mongodb-js/saslprep",
        "bson",
        "mongodb-connection-string-url"
      ]
    },
    "oxlint@0.16.4": {
      "integrity": "sha512-zi/a8i2R3OJcAUx1KHGy4B8UWWCN3YLDYzlYSNX9uknfX0PJSzv632Xrw9V0Ty5Y1biD6ZuLyO+5Yy2yeG2ySA==",
      "dependencies": [
        "@oxlint/darwin-arm64",
        "@oxlint/darwin-x64",
        "@oxlint/linux-arm64-gnu",
        "@oxlint/linux-arm64-musl",
        "@oxlint/linux-x64-gnu",
        "@oxlint/linux-x64-musl",
        "@oxlint/win32-arm64",
        "@oxlint/win32-x64"
      ]
    },
    "punycode@2.3.1": {
      "integrity": "sha512-vYt7UD1U9Wg6138shLtLOvdAu+8DsC/ilFtEVHcH+wydcSpNE20AfSOduf6MkRFahL5FY7X1oU7nKVZFtfq8Fg=="
    },
    "sparse-bitfield@3.0.3": {
      "integrity": "sha512-kvzhi7vqKTfkh0PZU+2D2PIllw2ymqJKujUcyPMd9Y75Nv4nPbGJZXNhxsgdQab2BmlDct1YnfQCguEvHr7VsQ==",
      "dependencies": [
        "memory-pager"
      ]
    },
    "tr46@5.1.0": {
      "integrity": "sha512-IUWnUK7ADYR5Sl1fZlO1INDUhVhatWl7BtJWsIhwJ0UAK7ilzzIa8uIqOO/aYVWHZPJkKbEL+362wrzoeRF7bw==",
      "dependencies": [
        "punycode"
      ]
    },
    "ulid@3.0.0": {
      "integrity": "sha512-yvZYdXInnJve6LdlPIuYmURdS2NP41ZoF4QW7SXwbUKYt53+0eDAySO+rGSvM2O/ciuB/G+8N7GQrZ1mCJpuqw=="
    },
    "webidl-conversions@7.0.0": {
      "integrity": "sha512-VwddBukDzu71offAQR975unBIGqfKZpM+8ZX6ySk8nYhVoo5CYaZyzt3YBvYtRtO+aoGlqxPg/B87NGVZ/fu6g=="
    },
    "whatwg-url@14.2.0": {
      "integrity": "sha512-De72GdQZzNTUBBChsXueQUnPKDkg/5A5zp7pFDuQAj5UFoENpiACU0wlCvzpAGnTkj++ihpKwKyYewn/XNUbKw==",
      "dependencies": [
        "tr46",
        "webidl-conversions"
      ]
    }
  },
  "workspace": {
    "dependencies": [
      "jsr:@std/assert@1",
      "npm:chalk@^5.4.1",
      "npm:mongodb@^6.15.0",
      "npm:ulid@3"
    ]
  }
}
