{
  "version": "4",
  "specifiers": {
    "jsr:@std/assert@1": "1.0.12",
    "jsr:@std/internal@^1.0.6": "1.0.6",
    "npm:oxlint@latest": "0.16.4"
  },
  "jsr": {
    "@std/assert@1.0.12": {
      "integrity": "08009f0926dda9cbd8bef3a35d3b6a4b964b0ab5c3e140a4e0351fbf34af5b9a",
      "dependencies": [
        "jsr:@std/internal"
      ]
    },
    "@std/internal@1.0.6": {
      "integrity": "9533b128f230f73bd209408bb07a4b12f8d4255ab2a4d22a1fd6d87304aca9a4"
    }
  },
  "npm": {
    "@oxlint/darwin-arm64@0.16.4": {
      "integrity": "sha512-lxwzCWM8zkSsv+JMEAvhHoS5X+5ICq/Vupb4RAalozX2V39Y/JXNol6RBxIGD7EEmitxWBghMIMdmqW9Y0wChA=="
    },
    "@oxlint/darwin-x64@0.16.4": {
      "integrity": "sha512-wRUxqisY7X1N88xoAFRcR3K7bPw6xqtNhaxVOaRhu5F3NIt85D80WBayoPl7TZKWTACUX55SGvAJBnOYmE7+zg=="
    },
    "@oxlint/linux-arm64-gnu@0.16.4": {
      "integrity": "sha512-veM/ve9kqTU7Qei3qjvGzXPZLT8L1vQ2nE8U78DbjrmP9i5MC1QB5ynBB9oQDJ1yce9ExmjTpIor2SF3phfXXQ=="
    },
    "@oxlint/linux-arm64-musl@0.16.4": {
      "integrity": "sha512-QojvKDSA43gbt3pjua+zgX0jfpyWLU6xXEBgA/Ww7HPR7Ec1pbs8lhL1Or7BQl8jywkMdzWiicPtd65+DBw/IQ=="
    },
    "@oxlint/linux-x64-gnu@0.16.4": {
      "integrity": "sha512-rVZhsnzQzfhQSEVc+aGoLlWdzhyuXrKxrwv0h1R9rJSB7vzBx2+D2k9LQSW1WkuhUd3Bn4CIDPakT8XUKYxvXQ=="
    },
    "@oxlint/linux-x64-musl@0.16.4": {
      "integrity": "sha512-ZLc+jh8+HF5ftnvVfWA3jl1/Rq45naakC96MlmRIxHhDNsClo41ssSeANJ15shk1MbCOdEnJh7foHPvU6QmGpQ=="
    },
    "@oxlint/win32-arm64@0.16.4": {
      "integrity": "sha512-/KvI2fLK5V9cPuR7rfomchRJmHBJDH7PFZINNm5o3ivmjstUVsIT2HoArjitwoVdionKKJ0Ac8Vc0xqS/Vvbcg=="
    },
    "@oxlint/win32-x64@0.16.4": {
      "integrity": "sha512-KS2ztiU039dooBi82i24QL6aa/4PROwg9fEcZc4o3N2BueO01a0s4nKlz/AJL+1Twa6LZJgGsQ87EcAzlj3DUA=="
    },
    "oxlint@0.16.4": {
      "integrity": "sha512-zi/a8i2R3OJcAUx1KHGy4B8UWWCN3YLDYzlYSNX9uknfX0PJSzv632Xrw9V0Ty5Y1biD6ZuLyO+5Yy2yeG2ySA==",
      "dependencies": [
        "@oxlint/darwin-arm64",
        "@oxlint/darwin-x64",
        "@oxlint/linux-arm64-gnu",
        "@oxlint/linux-arm64-musl",
        "@oxlint/linux-x64-gnu",
        "@oxlint/linux-x64-musl",
        "@oxlint/win32-arm64",
        "@oxlint/win32-x64"
      ]
    }
  },
  "workspace": {
    "dependencies": [
      "jsr:@std/assert@1"
    ]
  }
}
